
Microsoft Visual Studio Solution File, Format Version 12.00
# Visual Studio Version 16
VisualStudioVersion = 16.0.31702.278
MinimumVisualStudioVersion = 10.0.40219.1
Project("{FAE04EC0-301F-11D3-BF4B-00C04F79EFBC}") = "FlashUpdateBlocker", "FlashUpdateBlocker\FlashUpdateBlocker.csproj", "{C642F7DE-4413-44C7-8C4D-51D38168687F}"
EndProject
Global
	GlobalSection(SolutionConfigurationPlatforms) = preSolution
		Debug|Any CPU = Debug|Any CPU
		Release|Any CPU = Release|Any CPU
	EndGlobalSection
	GlobalSection(ProjectConfigurationPlatforms) = postSolution
		{C642F7DE-4413-44C7-8C4D-51D38168687F}.Debug|Any CPU.ActiveCfg = Debug|Any CPU
		{C642F7DE-4413-44C7-8C4D-51D38168687F}.Debug|Any CPU.Build.0 = Debug|Any CPU
		{C642F7DE-4413-44C7-8C4D-51D38168687F}.Release|Any CPU.ActiveCfg = Release|Any CPU
		{C642F7DE-4413-44C7-8C4D-51D38168687F}.Release|Any CPU.Build.0 = Release|Any CPU
	EndGlobalSection
	GlobalSection(SolutionProperties) = preSolution
		HideSolutionNode = FALSE
	EndGlobalSection
	GlobalSection(ExtensibilityGlobals) = postSolution
		SolutionGuid = {FC168717-5215-4084-8FF2-4605EA140072}
	EndGlobalSection
EndGlobal
